
Microsoft Visual Studio Solution File, Format Version 12.00
Project("{2150E333-8FDC-42A3-9474-1A3956D46DE8}") = "src", "src", "{F1A7EF21-1C19-486A-840E-D562EADDCDA4}"
EndProject
Project("{2150E333-8FDC-42A3-9474-1A3956D46DE8}") = "Core", "Core", "{2979AF73-BE6D-4540-9A1D-32DBC52C24CB}"
EndProject
Project("{2150E333-8FDC-42A3-9474-1A3956D46DE8}") = "Infrastructure", "Infrastructure", "{35F64617-EF56-48DD-A21C-27687085E51F}"
EndProject
Project("{2150E333-8FDC-42A3-9474-1A3956D46DE8}") = "API", "API", "{2DB442CD-D18E-4E98-8E1C-8D6760E4B6A0}"
EndProject
Project("{2150E333-8FDC-42A3-9474-1A3956D46DE8}") = "UI", "UI", "{516F35E7-3C51-4DE3-B991-068F0144A3C0}"
EndProject
Project("{FAE04EC0-301F-11D3-BF4B-00C04F79EFBC}") = "eBug.Domain", "eBug.Domain\eBug.Domain.csproj", "{481DD345-3B2A-47BA-83E1-71E8B0D2D27F}"
EndProject
Project("{FAE04EC0-301F-11D3-BF4B-00C04F79EFBC}") = "eBug.Application", "eBug.Application\eBug.Application.csproj", "{50F4F712-FA5A-4CDC-8A64-D2214AF8A8ED}"
EndProject
Project("{FAE04EC0-301F-11D3-BF4B-00C04F79EFBC}") = "eBug.Persistence", "eBug.Persistence\eBug.Persistence.csproj", "{77C00942-32C6-475F-A59C-2F050E62620A}"
EndProject
Project("{FAE04EC0-301F-11D3-BF4B-00C04F79EFBC}") = "eBug.Infrastructure", "eBug.Infrastructure\eBug.Infrastructure.csproj", "{428FFE06-6940-4776-9CA5-670AB6392439}"
EndProject
Project("{FAE04EC0-301F-11D3-BF4B-00C04F79EFBC}") = "eBug.Api", "eBug.Api\eBug.Api.csproj", "{ADF0FB3A-2677-4602-AF49-2574A8106583}"
EndProject
Project("{FAE04EC0-301F-11D3-BF4B-00C04F79EFBC}") = "eBug.blazorUI", "eBug.blazorUI\eBug.blazorUI.csproj", "{98F58EDC-BBA7-4A29-8BED-A1E3BC064973}"
EndProject
Project("{FAE04EC0-301F-11D3-BF4B-00C04F79EFBC}") = "eBug.Application.Contracts", "eBug.Application.Contracts\eBug.Application.Contracts.csproj", "{A5EEFCDE-C7EC-47E7-A233-5CEA6304F392}"
EndProject
Global
	GlobalSection(SolutionConfigurationPlatforms) = preSolution
		Debug|Any CPU = Debug|Any CPU
		Release|Any CPU = Release|Any CPU
	EndGlobalSection
	GlobalSection(NestedProjects) = preSolution
		{2979AF73-BE6D-4540-9A1D-32DBC52C24CB} = {F1A7EF21-1C19-486A-840E-D562EADDCDA4}
		{35F64617-EF56-48DD-A21C-27687085E51F} = {F1A7EF21-1C19-486A-840E-D562EADDCDA4}
		{2DB442CD-D18E-4E98-8E1C-8D6760E4B6A0} = {F1A7EF21-1C19-486A-840E-D562EADDCDA4}
		{516F35E7-3C51-4DE3-B991-068F0144A3C0} = {F1A7EF21-1C19-486A-840E-D562EADDCDA4}
		{481DD345-3B2A-47BA-83E1-71E8B0D2D27F} = {2979AF73-BE6D-4540-9A1D-32DBC52C24CB}
		{50F4F712-FA5A-4CDC-8A64-D2214AF8A8ED} = {2979AF73-BE6D-4540-9A1D-32DBC52C24CB}
		{77C00942-32C6-475F-A59C-2F050E62620A} = {35F64617-EF56-48DD-A21C-27687085E51F}
		{428FFE06-6940-4776-9CA5-670AB6392439} = {35F64617-EF56-48DD-A21C-27687085E51F}
		{ADF0FB3A-2677-4602-AF49-2574A8106583} = {2DB442CD-D18E-4E98-8E1C-8D6760E4B6A0}
		{98F58EDC-BBA7-4A29-8BED-A1E3BC064973} = {516F35E7-3C51-4DE3-B991-068F0144A3C0}
		{A5EEFCDE-C7EC-47E7-A233-5CEA6304F392} = {2979AF73-BE6D-4540-9A1D-32DBC52C24CB}
	EndGlobalSection
	GlobalSection(ProjectConfigurationPlatforms) = postSolution
		{481DD345-3B2A-47BA-83E1-71E8B0D2D27F}.Debug|Any CPU.ActiveCfg = Debug|Any CPU
		{481DD345-3B2A-47BA-83E1-71E8B0D2D27F}.Debug|Any CPU.Build.0 = Debug|Any CPU
		{481DD345-3B2A-47BA-83E1-71E8B0D2D27F}.Release|Any CPU.ActiveCfg = Release|Any CPU
		{481DD345-3B2A-47BA-83E1-71E8B0D2D27F}.Release|Any CPU.Build.0 = Release|Any CPU
		{50F4F712-FA5A-4CDC-8A64-D2214AF8A8ED}.Debug|Any CPU.ActiveCfg = Debug|Any CPU
		{50F4F712-FA5A-4CDC-8A64-D2214AF8A8ED}.Debug|Any CPU.Build.0 = Debug|Any CPU
		{50F4F712-FA5A-4CDC-8A64-D2214AF8A8ED}.Release|Any CPU.ActiveCfg = Release|Any CPU
		{50F4F712-FA5A-4CDC-8A64-D2214AF8A8ED}.Release|Any CPU.Build.0 = Release|Any CPU
		{77C00942-32C6-475F-A59C-2F050E62620A}.Debug|Any CPU.ActiveCfg = Debug|Any CPU
		{77C00942-32C6-475F-A59C-2F050E62620A}.Debug|Any CPU.Build.0 = Debug|Any CPU
		{77C00942-32C6-475F-A59C-2F050E62620A}.Release|Any CPU.ActiveCfg = Release|Any CPU
		{77C00942-32C6-475F-A59C-2F050E62620A}.Release|Any CPU.Build.0 = Release|Any CPU
		{428FFE06-6940-4776-9CA5-670AB6392439}.Debug|Any CPU.ActiveCfg = Debug|Any CPU
		{428FFE06-6940-4776-9CA5-670AB6392439}.Debug|Any CPU.Build.0 = Debug|Any CPU
		{428FFE06-6940-4776-9CA5-670AB6392439}.Release|Any CPU.ActiveCfg = Release|Any CPU
		{428FFE06-6940-4776-9CA5-670AB6392439}.Release|Any CPU.Build.0 = Release|Any CPU
		{ADF0FB3A-2677-4602-AF49-2574A8106583}.Debug|Any CPU.ActiveCfg = Debug|Any CPU
		{ADF0FB3A-2677-4602-AF49-2574A8106583}.Debug|Any CPU.Build.0 = Debug|Any CPU
		{ADF0FB3A-2677-4602-AF49-2574A8106583}.Release|Any CPU.ActiveCfg = Release|Any CPU
		{ADF0FB3A-2677-4602-AF49-2574A8106583}.Release|Any CPU.Build.0 = Release|Any CPU
		{98F58EDC-BBA7-4A29-8BED-A1E3BC064973}.Debug|Any CPU.ActiveCfg = Debug|Any CPU
		{98F58EDC-BBA7-4A29-8BED-A1E3BC064973}.Debug|Any CPU.Build.0 = Debug|Any CPU
		{98F58EDC-BBA7-4A29-8BED-A1E3BC064973}.Release|Any CPU.ActiveCfg = Release|Any CPU
		{98F58EDC-BBA7-4A29-8BED-A1E3BC064973}.Release|Any CPU.Build.0 = Release|Any CPU
		{A5EEFCDE-C7EC-47E7-A233-5CEA6304F392}.Debug|Any CPU.ActiveCfg = Debug|Any CPU
		{A5EEFCDE-C7EC-47E7-A233-5CEA6304F392}.Debug|Any CPU.Build.0 = Debug|Any CPU
		{A5EEFCDE-C7EC-47E7-A233-5CEA6304F392}.Release|Any CPU.ActiveCfg = Release|Any CPU
		{A5EEFCDE-C7EC-47E7-A233-5CEA6304F392}.Release|Any CPU.Build.0 = Release|Any CPU
	EndGlobalSection
EndGlobal
